// !$*UTF8*$!
{
	archiveVersion = 1;
	classes = {
	};
	objectVersion = 46;
	objects = {

/* Begin PBXBuildFile section */
		B20D26EF1AB53BDB00EDE1E8 /* AppDelegate.swift in Sources */ = {isa = PBXBuildFile; fileRef = B20D26EE1AB53BDB00EDE1E8 /* AppDelegate.swift */; };
		B20D26F11AB53BDB00EDE1E8 /* GameScene.swift in Sources */ = {isa = PBXBuildFile; fileRef = B20D26F01AB53BDB00EDE1E8 /* GameScene.swift */; };
		B20D26F31AB53BDB00EDE1E8 /* GameScene.sks in Resources */ = {isa = PBXBuildFile; fileRef = B20D26F21AB53BDB00EDE1E8 /* GameScene.sks */; };
		B20D26F51AB53BDB00EDE1E8 /* Images.xcassets in Resources */ = {isa = PBXBuildFile; fileRef = B20D26F41AB53BDB00EDE1E8 /* Images.xcassets */; };
		B20D26F81AB53BDB00EDE1E8 /* MainMenu.xib in Resources */ = {isa = PBXBuildFile; fileRef = B20D26F61AB53BDB00EDE1E8 /* MainMenu.xib */; };
		B20D27041AB53BDB00EDE1E8 /* HelloJetsAndMonstersTests.swift in Sources */ = {isa = PBXBuildFile; fileRef = B20D27031AB53BDB00EDE1E8 /* HelloJetsAndMonstersTests.swift */; };
/* End PBXBuildFile section */

/* Begin PBXContainerItemProxy section */
		B20D26FE1AB53BDB00EDE1E8 /* PBXContainerItemProxy */ = {
			isa = PBXContainerItemProxy;
			containerPortal = B20D26E11AB53BDB00EDE1E8 /* Project object */;
			proxyType = 1;
			remoteGlobalIDString = B20D26E81AB53BDB00EDE1E8;
			remoteInfo = HelloJetsAndMonsters;
		};
/* End PBXContainerItemProxy section */

/* Begin PBXFileReference section */
		B20D26E91AB53BDB00EDE1E8 /* HelloJetsAndMonsters.app */ = {isa = PBXFileReference; explicitFileType = wrapper.application; includeInIndex = 0; path = HelloJetsAndMonsters.app; sourceTree = BUILT_PRODUCTS_DIR; };
		B20D26ED1AB53BDB00EDE1E8 /* Info.plist */ = {isa = PBXFileReference; lastKnownFileType = text.plist.xml; path = Info.plist; sourceTree = "<group>"; };
		B20D26EE1AB53BDB00EDE1E8 /* AppDelegate.swift */ = {isa = PBXFileReference; lastKnownFileType = sourcecode.swift; path = AppDelegate.swift; sourceTree = "<group>"; };
		B20D26F01AB53BDB00EDE1E8 /* GameScene.swift */ = {isa = PBXFileReference; lastKnownFileType = sourcecode.swift; path = GameScene.swift; sourceTree = "<group>"; };
		B20D26F21AB53BDB00EDE1E8 /* GameScene.sks */ = {isa = PBXFileReference; lastKnownFileType = file.sks; path = GameScene.sks; sourceTree = "<group>"; };
		B20D26F41AB53BDB00EDE1E8 /* Images.xcassets */ = {isa = PBXFileReference; lastKnownFileType = folder.assetcatalog; path = Images.xcassets; sourceTree = "<group>"; };
		B20D26F71AB53BDB00EDE1E8 /* Base */ = {isa = PBXFileReference; lastKnownFileType = file.xib; name = Base; path = Base.lproj/MainMenu.xib; sourceTree = "<group>"; };
		B20D26FD1AB53BDB00EDE1E8 /* HelloJetsAndMonstersTests.xctest */ = {isa = PBXFileReference; explicitFileType = wrapper.cfbundle; includeInIndex = 0; path = HelloJetsAndMonstersTests.xctest; sourceTree = BUILT_PRODUCTS_DIR; };
		B20D27021AB53BDB00EDE1E8 /* Info.plist */ = {isa = PBXFileReference; lastKnownFileType = text.plist.xml; path = Info.plist; sourceTree = "<group>"; };
		B20D27031AB53BDB00EDE1E8 /* HelloJetsAndMonstersTests.swift */ = {isa = PBXFileReference; lastKnownFileType = sourcecode.swift; path = HelloJetsAndMonstersTests.swift; sourceTree = "<group>"; };
/* End PBXFileReference section */

/* Begin PBXFrameworksBuildPhase section */
		B20D26E61AB53BDB00EDE1E8 /* Frameworks */ = {
			isa = PBXFrameworksBuildPhase;
			buildActionMask = 2147483647;
			files = (
			);
			runOnlyForDeploymentPostprocessing = 0;
		};
		B20D26FA1AB53BDB00EDE1E8 /* Frameworks */ = {
			isa = PBXFrameworksBuildPhase;
			buildActionMask = 2147483647;
			files = (
			);
			runOnlyForDeploymentPostprocessing = 0;
		};
/* End PBXFrameworksBuildPhase section */

/* Begin PBXGroup section */
		B20D26E01AB53BDB00EDE1E8 = {
			isa = PBXGroup;
			children = (
				B20D26EB1AB53BDB00EDE1E8 /* HelloJetsAndMonsters */,
				B20D27001AB53BDB00EDE1E8 /* HelloJetsAndMonstersTests */,
				B20D26EA1AB53BDB00EDE1E8 /* Products */,
			);
			sourceTree = "<group>";
		};
		B20D26EA1AB53BDB00EDE1E8 /* Products */ = {
			isa = PBXGroup;
			children = (
				B20D26E91AB53BDB00EDE1E8 /* HelloJetsAndMonsters.app */,
				B20D26FD1AB53BDB00EDE1E8 /* HelloJetsAndMonstersTests.xctest */,
			);
			name = Products;
			sourceTree = "<group>";
		};
		B20D26EB1AB53BDB00EDE1E8 /* HelloJetsAndMonsters */ = {
			isa = PBXGroup;
			children = (
				B20D26EE1AB53BDB00EDE1E8 /* AppDelegate.swift */,
				B20D26F01AB53BDB00EDE1E8 /* GameScene.swift */,
				B20D26F21AB53BDB00EDE1E8 /* GameScene.sks */,
				B20D26F41AB53BDB00EDE1E8 /* Images.xcassets */,
				B20D26F61AB53BDB00EDE1E8 /* MainMenu.xib */,
				B20D26EC1AB53BDB00EDE1E8 /* Supporting Files */,
			);
			path = HelloJetsAndMonsters;
			sourceTree = "<group>";
		};
		B20D26EC1AB53BDB00EDE1E8 /* Supporting Files */ = {
			isa = PBXGroup;
			children = (
				B20D26ED1AB53BDB00EDE1E8 /* Info.plist */,
			);
			name = "Supporting Files";
			sourceTree = "<group>";
		};
		B20D27001AB53BDB00EDE1E8 /* HelloJetsAndMonstersTests */ = {
			isa = PBXGroup;
			children = (
				B20D27031AB53BDB00EDE1E8 /* HelloJetsAndMonstersTests.swift */,
				B20D27011AB53BDB00EDE1E8 /* Supporting Files */,
			);
			path = HelloJetsAndMonstersTests;
			sourceTree = "<group>";
		};
		B20D27011AB53BDB00EDE1E8 /* Supporting Files */ = {
			isa = PBXGroup;
			children = (
				B20D27021AB53BDB00EDE1E8 /* Info.plist */,
			);
			name = "Supporting Files";
			sourceTree = "<group>";
		};
/* End PBXGroup section */

/* Begin PBXNativeTarget section */
		B20D26E81AB53BDB00EDE1E8 /* HelloJetsAndMonsters */ = {
			isa = PBXNativeTarget;
			buildConfigurationList = B20D27071AB53BDB00EDE1E8 /* Build configuration list for PBXNativeTarget "HelloJetsAndMonsters" */;
			buildPhases = (
				B20D26E51AB53BDB00EDE1E8 /* Sources */,
				B20D26E61AB53BDB00EDE1E8 /* Frameworks */,
				B20D26E71AB53BDB00EDE1E8 /* Resources */,
			);
			buildRules = (
			);
			dependencies = (
			);
			name = HelloJetsAndMonsters;
			productName = HelloJetsAndMonsters;
			productReference = B20D26E91AB53BDB00EDE1E8 /* HelloJetsAndMonsters.app */;
			productType = "com.apple.product-type.application";
		};
		B20D26FC1AB53BDB00EDE1E8 /* HelloJetsAndMonstersTests */ = {
			isa = PBXNativeTarget;
			buildConfigurationList = B20D270A1AB53BDB00EDE1E8 /* Build configuration list for PBXNativeTarget "HelloJetsAndMonstersTests" */;
			buildPhases = (
				B20D26F91AB53BDB00EDE1E8 /* Sources */,
				B20D26FA1AB53BDB00EDE1E8 /* Frameworks */,
				B20D26FB1AB53BDB00EDE1E8 /* Resources */,
			);
			buildRules = (
			);
			dependencies = (
				B20D26FF1AB53BDB00EDE1E8 /* PBXTargetDependency */,
			);
			name = HelloJetsAndMonstersTests;
			productName = HelloJetsAndMonstersTests;
			productReference = B20D26FD1AB53BDB00EDE1E8 /* HelloJetsAndMonstersTests.xctest */;
			productType = "com.apple.product-type.bundle.unit-test";
		};
/* End PBXNativeTarget section */

/* Begin PBXProject section */
		B20D26E11AB53BDB00EDE1E8 /* Project object */ = {
			isa = PBXProject;
			attributes = {
				LastUpgradeCheck = 0620;
				ORGANIZATIONNAME = "Michael Jones";
				TargetAttributes = {
					B20D26E81AB53BDB00EDE1E8 = {
						CreatedOnToolsVersion = 6.2;
					};
					B20D26FC1AB53BDB00EDE1E8 = {
						CreatedOnToolsVersion = 6.2;
						TestTargetID = B20D26E81AB53BDB00EDE1E8;
					};
				};
			};
			buildConfigurationList = B20D26E41AB53BDB00EDE1E8 /* Build configuration list for PBXProject "HelloJetsAndMonsters" */;
			compatibilityVersion = "Xcode 3.2";
			developmentRegion = English;
			hasScannedForEncodings = 0;
			knownRegions = (
				en,
				Base,
			);
			mainGroup = B20D26E01AB53BDB00EDE1E8;
			productRefGroup = B20D26EA1AB53BDB00EDE1E8 /* Products */;
			projectDirPath = "";
			projectRoot = "";
			targets = (
				B20D26E81AB53BDB00EDE1E8 /* HelloJetsAndMonsters */,
				B20D26FC1AB53BDB00EDE1E8 /* HelloJetsAndMonstersTests */,
			);
		};
/* End PBXProject section */

/* Begin PBXResourcesBuildPhase section */
		B20D26E71AB53BDB00EDE1E8 /* Resources */ = {
			isa = PBXResourcesBuildPhase;
			buildActionMask = 2147483647;
			files = (
				B20D26F31AB53BDB00EDE1E8 /* GameScene.sks in Resources */,
				B20D26F51AB53BDB00EDE1E8 /* Images.xcassets in Resources */,
				B20D26F81AB53BDB00EDE1E8 /* MainMenu.xib in Resources */,
			);
			runOnlyForDeploymentPostprocessing = 0;
		};
		B20D26FB1AB53BDB00EDE1E8 /* Resources */ = {
			isa = PBXResourcesBuildPhase;
			buildActionMask = 2147483647;
			files = (
			);
			runOnlyForDeploymentPostprocessing = 0;
		};
/* End PBXResourcesBuildPhase section */

/* Begin PBXSourcesBuildPhase section */
		B20D26E51AB53BDB00EDE1E8 /* Sources */ = {
			isa = PBXSourcesBuildPhase;
			buildActionMask = 2147483647;
			files = (
				B20D26F11AB53BDB00EDE1E8 /* GameScene.swift in Sources */,
				B20D26EF1AB53BDB00EDE1E8 /* AppDelegate.swift in Sources */,
			);
			runOnlyForDeploymentPostprocessing = 0;
		};
		B20D26F91AB53BDB00EDE1E8 /* Sources */ = {
			isa = PBXSourcesBuildPhase;
			buildActionMask = 2147483647;
			files = (
				B20D27041AB53BDB00EDE1E8 /* HelloJetsAndMonstersTests.swift in Sources */,
			);
			runOnlyForDeploymentPostprocessing = 0;
		};
/* End PBXSourcesBuildPhase section */

/* Begin PBXTargetDependency section */
		B20D26FF1AB53BDB00EDE1E8 /* PBXTargetDependency */ = {
			isa = PBXTargetDependency;
			target = B20D26E81AB53BDB00EDE1E8 /* HelloJetsAndMonsters */;
			targetProxy = B20D26FE1AB53BDB00EDE1E8 /* PBXContainerItemProxy */;
		};
/* End PBXTargetDependency section */

/* Begin PBXVariantGroup section */
		B20D26F61AB53BDB00EDE1E8 /* MainMenu.xib */ = {
			isa = PBXVariantGroup;
			children = (
				B20D26F71AB53BDB00EDE1E8 /* Base */,
			);
			name = MainMenu.xib;
			sourceTree = "<group>";
		};
/* End PBXVariantGroup section */

/* Begin XCBuildConfiguration section */
		B20D27051AB53BDB00EDE1E8 /* Debug */ = {
			isa = XCBuildConfiguration;
			buildSettings = {
				ALWAYS_SEARCH_USER_PATHS = NO;
				CLANG_CXX_LANGUAGE_STANDARD = "gnu++0x";
				CLANG_CXX_LIBRARY = "libc++";
				CLANG_ENABLE_MODULES = YES;
				CLANG_ENABLE_OBJC_ARC = YES;
				CLANG_WARN_BOOL_CONVERSION = YES;
				CLANG_WARN_CONSTANT_CONVERSION = YES;
				CLANG_WARN_DIRECT_OBJC_ISA_USAGE = YES_ERROR;
				CLANG_WARN_EMPTY_BODY = YES;
				CLANG_WARN_ENUM_CONVERSION = YES;
				CLANG_WARN_INT_CONVERSION = YES;
				CLANG_WARN_OBJC_ROOT_CLASS = YES_ERROR;
				CLANG_WARN_UNREACHABLE_CODE = YES;
				CLANG_WARN__DUPLICATE_METHOD_MATCH = YES;
				CODE_SIGN_IDENTITY = "-";
				COPY_PHASE_STRIP = NO;
				ENABLE_STRICT_OBJC_MSGSEND = YES;
				GCC_C_LANGUAGE_STANDARD = gnu99;
				GCC_DYNAMIC_NO_PIC = NO;
				GCC_OPTIMIZATION_LEVEL = 0;
				GCC_PREPROCESSOR_DEFINITIONS = (
					"DEBUG=1",
					"$(inherited)",
				);
				GCC_SYMBOLS_PRIVATE_EXTERN = NO;
				GCC_WARN_64_TO_32_BIT_CONVERSION = YES;
				GCC_WARN_ABOUT_RETURN_TYPE = YES_ERROR;
				GCC_WARN_UNDECLARED_SELECTOR = YES;
				GCC_WARN_UNINITIALIZED_AUTOS = YES_AGGRESSIVE;
				GCC_WARN_UNUSED_FUNCTION = YES;
				GCC_WARN_UNUSED_VARIABLE = YES;
				MACOSX_DEPLOYMENT_TARGET = 10.10;
				MTL_ENABLE_DEBUG_INFO = YES;
				ONLY_ACTIVE_ARCH = YES;
				SDKROOT = macosx;
				SWIFT_OPTIMIZATION_LEVEL = "-Onone";
			};
			name = Debug;
		};
		B20D27061AB53BDB00EDE1E8 /* Release */ = {
			isa = XCBuildConfiguration;
			buildSettings = {
				ALWAYS_SEARCH_USER_PATHS = NO;
				CLANG_CXX_LANGUAGE_STANDARD = "gnu++0x";
				CLANG_CXX_LIBRARY = "libc++";
				CLANG_ENABLE_MODULES = YES;
				CLANG_ENABLE_OBJC_ARC = YES;
				CLANG_WARN_BOOL_CONVERSION = YES;
				CLANG_WARN_CONSTANT_CONVERSION = YES;
				CLANG_WARN_DIRECT_OBJC_ISA_USAGE = YES_ERROR;
				CLANG_WARN_EMPTY_BODY = YES;
				CLANG_WARN_ENUM_CONVERSION = YES;
				CLANG_WARN_INT_CONVERSION = YES;
				CLANG_WARN_OBJC_ROOT_CLASS = YES_ERROR;
				CLANG_WARN_UNREACHABLE_CODE = YES;
				CLANG_WARN__DUPLICATE_METHOD_MATCH = YES;
				CODE_SIGN_IDENTITY = "-";
				COPY_PHASE_STRIP = NO;
				DEBUG_INFORMATION_FORMAT = "dwarf-with-dsym";
				ENABLE_NS_ASSERTIONS = NO;
				ENABLE_STRICT_OBJC_MSGSEND = YES;
				GCC_C_LANGUAGE_STANDARD = gnu99;
				GCC_WARN_64_TO_32_BIT_CONVERSION = YES;
				GCC_WARN_ABOUT_RETURN_TYPE = YES_ERROR;
				GCC_WARN_UNDECLARED_SELECTOR = YES;
				GCC_WARN_UNINITIALIZED_AUTOS = YES_AGGRESSIVE;
				GCC_WARN_UNUSED_FUNCTION = YES;
				GCC_WARN_UNUSED_VARIABLE = YES;
				MACOSX_DEPLOYMENT_TARGET = 10.10;
				MTL_ENABLE_DEBUG_INFO = NO;
				SDKROOT = macosx;
			};
			name = Release;
		};
		B20D27081AB53BDB00EDE1E8 /* Debug */ = {
			isa = XCBuildConfiguration;
			buildSettings = {
				ASSETCATALOG_COMPILER_APPICON_NAME = AppIcon;
				COMBINE_HIDPI_IMAGES = YES;
				INFOPLIST_FILE = HelloJetsAndMonsters/Info.plist;
				LD_RUNPATH_SEARCH_PATHS = "$(inherited) @executable_path/../Frameworks";
				PRODUCT_NAME = "$(TARGET_NAME)";
			};
			name = Debug;
		};
		B20D27091AB53BDB00EDE1E8 /* Release */ = {
			isa = XCBuildConfiguration;
			buildSettings = {
				ASSETCATALOG_COMPILER_APPICON_NAME = AppIcon;
				COMBINE_HIDPI_IMAGES = YES;
				INFOPLIST_FILE = HelloJetsAndMonsters/Info.plist;
				LD_RUNPATH_SEARCH_PATHS = "$(inherited) @executable_path/../Frameworks";
				PRODUCT_NAME = "$(TARGET_NAME)";
			};
			name = Release;
		};
		B20D270B1AB53BDB00EDE1E8 /* Debug */ = {
			isa = XCBuildConfiguration;
			buildSettings = {
				BUNDLE_LOADER = "$(TEST_HOST)";
				COMBINE_HIDPI_IMAGES = YES;
				FRAMEWORK_SEARCH_PATHS = (
					"$(DEVELOPER_FRAMEWORKS_DIR)",
					"$(inherited)",
				);
				GCC_PREPROCESSOR_DEFINITIONS = (
					"DEBUG=1",
					"$(inherited)",
				);
				INFOPLIST_FILE = HelloJetsAndMonstersTests/Info.plist;
				LD_RUNPATH_SEARCH_PATHS = "$(inherited) @executable_path/../Frameworks @loader_path/../Frameworks";
				PRODUCT_NAME = "$(TARGET_NAME)";
				TEST_HOST = "$(BUILT_PRODUCTS_DIR)/HelloJetsAndMonsters.app/Contents/MacOS/HelloJetsAndMonsters";
			};
			name = Debug;
		};
		B20D270C1AB53BDB00EDE1E8 /* Release */ = {
			isa = XCBuildConfiguration;
			buildSettings = {
				BUNDLE_LOADER = "$(TEST_HOST)";
				COMBINE_HIDPI_IMAGES = YES;
				FRAMEWORK_SEARCH_PATHS = (
					"$(DEVELOPER_FRAMEWORKS_DIR)",
					"$(inherited)",
				);
				INFOPLIST_FILE = HelloJetsAndMonstersTests/Info.plist;
				LD_RUNPATH_SEARCH_PATHS = "$(inherited) @executable_path/../Frameworks @loader_path/../Frameworks";
				PRODUCT_NAME = "$(TARGET_NAME)";
				TEST_HOST = "$(BUILT_PRODUCTS_DIR)/HelloJetsAndMonsters.app/Contents/MacOS/HelloJetsAndMonsters";
			};
			name = Release;
		};
/* End XCBuildConfiguration section */

/* Begin XCConfigurationList section */
		B20D26E41AB53BDB00EDE1E8 /* Build configuration list for PBXProject "HelloJetsAndMonsters" */ = {
			isa = XCConfigurationList;
			buildConfigurations = (
				B20D27051AB53BDB00EDE1E8 /* Debug */,
				B20D27061AB53BDB00EDE1E8 /* Release */,
			);
			defaultConfigurationIsVisible = 0;
			defaultConfigurationName = Release;
		};
		B20D27071AB53BDB00EDE1E8 /* Build configuration list for PBXNativeTarget "HelloJetsAndMonsters" */ = {
			isa = XCConfigurationList;
			buildConfigurations = (
				B20D27081AB53BDB00EDE1E8 /* Debug */,
				B20D27091AB53BDB00EDE1E8 /* Release */,
			);
			defaultConfigurationIsVisible = 0;
		};
		B20D270A1AB53BDB00EDE1E8 /* Build configuration list for PBXNativeTarget "HelloJetsAndMonstersTests" */ = {
			isa = XCConfigurationList;
			buildConfigurations = (
				B20D270B1AB53BDB00EDE1E8 /* Debug */,
				B20D270C1AB53BDB00EDE1E8 /* Release */,
			);
			defaultConfigurationIsVisible = 0;
		};
/* End XCConfigurationList section */
	};
	rootObject = B20D26E11AB53BDB00EDE1E8 /* Project object */;
}
